{
  "pins" : [
    {
      "identity" : "chatlayout",
      "kind" : "remoteSourceControl",
      "location" : "https://github.com/ekazaev/ChatLayout",
      "state" : {
        "revision" : "baab5a6a87c7eb82574cf4432527ff8502fef4ee",
        "version" : "1.2.10"
      }
    },
    {
      "identity" : "differencekit",
      "kind" : "remoteSourceControl",
      "location" : "https://github.com/ra1028/DifferenceKit",
      "state" : {
        "revision" : "073b9671ce2b9b5b96398611427a1f929927e428",
        "version" : "1.3.0"
      }
    }
  ],
  "version" : 2
}
